// !$*UTF8*$!
{
	archiveVersion = 1;
	classes = {
	};
	objectVersion = 46;
	objects = {

/* Begin PBXBuildFile section */
		3EB94DFB1F82D6E600003D4A /* AppDelegate.swift in Sources */ = {isa = PBXBuildFile; fileRef = 3EB94DFA1F82D6E600003D4A /* AppDelegate.swift */; };
		3EB94E001F82D6E600003D4A /* Main.storyboard in Resources */ = {isa = PBXBuildFile; fileRef = 3EB94DFE1F82D6E600003D4A /* Main.storyboard */; };
		3EB94E021F82D6E600003D4A /* Assets.xcassets in Resources */ = {isa = PBXBuildFile; fileRef = 3EB94E011F82D6E600003D4A /* Assets.xcassets */; };
		3EB94E051F82D6E600003D4A /* LaunchScreen.storyboard in Resources */ = {isa = PBXBuildFile; fileRef = 3EB94E031F82D6E600003D4A /* LaunchScreen.storyboard */; };
		3EB94E101F82D6E600003D4A /* TetrisStarter_swift3_0Tests.swift in Sources */ = {isa = PBXBuildFile; fileRef = 3EB94E0F1F82D6E600003D4A /* TetrisStarter_swift3_0Tests.swift */; };
		3EB94E1B1F82D6E600003D4A /* TetrisStarter_swift3_0UITests.swift in Sources */ = {isa = PBXBuildFile; fileRef = 3EB94E1A1F82D6E600003D4A /* TetrisStarter_swift3_0UITests.swift */; };
		3EB94E2D1F82DDB100003D4A /* TetrisBlockView.swift in Sources */ = {isa = PBXBuildFile; fileRef = 3EB94E2A1F82DDB100003D4A /* TetrisBlockView.swift */; };
		3EB94E2E1F82DDB100003D4A /* TetrisBoardView.swift in Sources */ = {isa = PBXBuildFile; fileRef = 3EB94E2B1F82DDB100003D4A /* TetrisBoardView.swift */; };
		3EB94E2F1F82DDB100003D4A /* TetrisBlockEdgeView.swift in Sources */ = {isa = PBXBuildFile; fileRef = 3EB94E2C1F82DDB100003D4A /* TetrisBlockEdgeView.swift */; };
		3EB94E351F82DDD500003D4A /* TetrisBlockModel.swift in Sources */ = {isa = PBXBuildFile; fileRef = 3EB94E301F82DDD500003D4A /* TetrisBlockModel.swift */; };
		3EB94E361F82DDD500003D4A /* JTetrisGrid.swift in Sources */ = {isa = PBXBuildFile; fileRef = 3EB94E311F82DDD500003D4A /* JTetrisGrid.swift */; };
		3EB94E371F82DDD500003D4A /* ZTetrisGrid.swift in Sources */ = {isa = PBXBuildFile; fileRef = 3EB94E321F82DDD500003D4A /* ZTetrisGrid.swift */; };
		3EB94E381F82DDD500003D4A /* GridEdgeAttributes.swift in Sources */ = {isa = PBXBuildFile; fileRef = 3EB94E331F82DDD500003D4A /* GridEdgeAttributes.swift */; };
		3EB94E391F82DDD500003D4A /* TetrisBlockEdge.swift in Sources */ = {isa = PBXBuildFile; fileRef = 3EB94E341F82DDD500003D4A /* TetrisBlockEdge.swift */; };
		3EB94E3B1F82DE0A00003D4A /* TetrisViewController.swift in Sources */ = {isa = PBXBuildFile; fileRef = 3EB94E3A1F82DE0A00003D4A /* TetrisViewController.swift */; };
		3F2EE4151F830AFC007648A3 /* QTetrisGrid.swift in Sources */ = {isa = PBXBuildFile; fileRef = 3F2EE4141F830AFC007648A3 /* QTetrisGrid.swift */; };
		3F2EE4171F830B21007648A3 /* STetrisGrid.swift in Sources */ = {isa = PBXBuildFile; fileRef = 3F2EE4161F830B21007648A3 /* STetrisGrid.swift */; };
		3F2EE4191F830B34007648A3 /* ITetrisGrid.swift in Sources */ = {isa = PBXBuildFile; fileRef = 3F2EE4181F830B33007648A3 /* ITetrisGrid.swift */; };
		3FDB86881FA2982A00473EAE /* TTetrisGrid.swift in Sources */ = {isa = PBXBuildFile; fileRef = 3FDB86871FA2982A00473EAE /* TTetrisGrid.swift */; };
		3FDB868A1FA298C400473EAE /* LTetrisGrid.swift in Sources */ = {isa = PBXBuildFile; fileRef = 3FDB86891FA298C400473EAE /* LTetrisGrid.swift */; };
/* End PBXBuildFile section */

/* Begin PBXContainerItemProxy section */
		3EB94E0C1F82D6E600003D4A /* PBXContainerItemProxy */ = {
			isa = PBXContainerItemProxy;
			containerPortal = 3EB94DEF1F82D6E600003D4A /* Project object */;
			proxyType = 1;
			remoteGlobalIDString = 3EB94DF61F82D6E600003D4A;
			remoteInfo = TetrisStarter_swift3.0;
		};
		3EB94E171F82D6E600003D4A /* PBXContainerItemProxy */ = {
			isa = PBXContainerItemProxy;
			containerPortal = 3EB94DEF1F82D6E600003D4A /* Project object */;
			proxyType = 1;
			remoteGlobalIDString = 3EB94DF61F82D6E600003D4A;
			remoteInfo = TetrisStarter_swift3.0;
		};
/* End PBXContainerItemProxy section */

/* Begin PBXFileReference section */
		3EB94DF71F82D6E600003D4A /* TetrisStarter_swift3.0.app */ = {isa = PBXFileReference; explicitFileType = wrapper.application; includeInIndex = 0; path = TetrisStarter_swift3.0.app; sourceTree = BUILT_PRODUCTS_DIR; };
		3EB94DFA1F82D6E600003D4A /* AppDelegate.swift */ = {isa = PBXFileReference; lastKnownFileType = sourcecode.swift; path = AppDelegate.swift; sourceTree = "<group>"; };
		3EB94DFF1F82D6E600003D4A /* Base */ = {isa = PBXFileReference; lastKnownFileType = file.storyboard; name = Base; path = Base.lproj/Main.storyboard; sourceTree = "<group>"; };
		3EB94E011F82D6E600003D4A /* Assets.xcassets */ = {isa = PBXFileReference; lastKnownFileType = folder.assetcatalog; path = Assets.xcassets; sourceTree = "<group>"; };
		3EB94E041F82D6E600003D4A /* Base */ = {isa = PBXFileReference; lastKnownFileType = file.storyboard; name = Base; path = Base.lproj/LaunchScreen.storyboard; sourceTree = "<group>"; };
		3EB94E061F82D6E600003D4A /* Info.plist */ = {isa = PBXFileReference; lastKnownFileType = text.plist.xml; path = Info.plist; sourceTree = "<group>"; };
		3EB94E0B1F82D6E600003D4A /* TetrisStarter_swift3.0Tests.xctest */ = {isa = PBXFileReference; explicitFileType = wrapper.cfbundle; includeInIndex = 0; path = TetrisStarter_swift3.0Tests.xctest; sourceTree = BUILT_PRODUCTS_DIR; };
		3EB94E0F1F82D6E600003D4A /* TetrisStarter_swift3_0Tests.swift */ = {isa = PBXFileReference; lastKnownFileType = sourcecode.swift; path = TetrisStarter_swift3_0Tests.swift; sourceTree = "<group>"; };
		3EB94E111F82D6E600003D4A /* Info.plist */ = {isa = PBXFileReference; lastKnownFileType = text.plist.xml; path = Info.plist; sourceTree = "<group>"; };
		3EB94E161F82D6E600003D4A /* TetrisStarter_swift3.0UITests.xctest */ = {isa = PBXFileReference; explicitFileType = wrapper.cfbundle; includeInIndex = 0; path = TetrisStarter_swift3.0UITests.xctest; sourceTree = BUILT_PRODUCTS_DIR; };
		3EB94E1A1F82D6E600003D4A /* TetrisStarter_swift3_0UITests.swift */ = {isa = PBXFileReference; lastKnownFileType = sourcecode.swift; path = TetrisStarter_swift3_0UITests.swift; sourceTree = "<group>"; };
		3EB94E1C1F82D6E600003D4A /* Info.plist */ = {isa = PBXFileReference; lastKnownFileType = text.plist.xml; path = Info.plist; sourceTree = "<group>"; };
		3EB94E2A1F82DDB100003D4A /* TetrisBlockView.swift */ = {isa = PBXFileReference; fileEncoding = 4; lastKnownFileType = sourcecode.swift; path = TetrisBlockView.swift; sourceTree = "<group>"; };
		3EB94E2B1F82DDB100003D4A /* TetrisBoardView.swift */ = {isa = PBXFileReference; fileEncoding = 4; lastKnownFileType = sourcecode.swift; path = TetrisBoardView.swift; sourceTree = "<group>"; };
		3EB94E2C1F82DDB100003D4A /* TetrisBlockEdgeView.swift */ = {isa = PBXFileReference; fileEncoding = 4; lastKnownFileType = sourcecode.swift; path = TetrisBlockEdgeView.swift; sourceTree = "<group>"; };
		3EB94E301F82DDD500003D4A /* TetrisBlockModel.swift */ = {isa = PBXFileReference; fileEncoding = 4; lastKnownFileType = sourcecode.swift; path = TetrisBlockModel.swift; sourceTree = "<group>"; };
		3EB94E311F82DDD500003D4A /* JTetrisGrid.swift */ = {isa = PBXFileReference; fileEncoding = 4; lastKnownFileType = sourcecode.swift; path = JTetrisGrid.swift; sourceTree = "<group>"; };
		3EB94E321F82DDD500003D4A /* ZTetrisGrid.swift */ = {isa = PBXFileReference; fileEncoding = 4; lastKnownFileType = sourcecode.swift; path = ZTetrisGrid.swift; sourceTree = "<group>"; };
		3EB94E331F82DDD500003D4A /* GridEdgeAttributes.swift */ = {isa = PBXFileReference; fileEncoding = 4; lastKnownFileType = sourcecode.swift; path = GridEdgeAttributes.swift; sourceTree = "<group>"; };
		3EB94E341F82DDD500003D4A /* TetrisBlockEdge.swift */ = {isa = PBXFileReference; fileEncoding = 4; lastKnownFileType = sourcecode.swift; path = TetrisBlockEdge.swift; sourceTree = "<group>"; };
		3EB94E3A1F82DE0A00003D4A /* TetrisViewController.swift */ = {isa = PBXFileReference; fileEncoding = 4; lastKnownFileType = sourcecode.swift; path = TetrisViewController.swift; sourceTree = "<group>"; };
		3F2EE4141F830AFC007648A3 /* QTetrisGrid.swift */ = {isa = PBXFileReference; fileEncoding = 4; lastKnownFileType = sourcecode.swift; path = QTetrisGrid.swift; sourceTree = "<group>"; };
		3F2EE4161F830B21007648A3 /* STetrisGrid.swift */ = {isa = PBXFileReference; fileEncoding = 4; lastKnownFileType = sourcecode.swift; path = STetrisGrid.swift; sourceTree = "<group>"; };
		3F2EE4181F830B33007648A3 /* ITetrisGrid.swift */ = {isa = PBXFileReference; fileEncoding = 4; lastKnownFileType = sourcecode.swift; path = ITetrisGrid.swift; sourceTree = "<group>"; };
		3FDB86871FA2982A00473EAE /* TTetrisGrid.swift */ = {isa = PBXFileReference; lastKnownFileType = sourcecode.swift; path = TTetrisGrid.swift; sourceTree = "<group>"; };
		3FDB86891FA298C400473EAE /* LTetrisGrid.swift */ = {isa = PBXFileReference; lastKnownFileType = sourcecode.swift; path = LTetrisGrid.swift; sourceTree = "<group>"; };
/* End PBXFileReference section */

/* Begin PBXFrameworksBuildPhase section */
		3EB94DF41F82D6E600003D4A /* Frameworks */ = {
			isa = PBXFrameworksBuildPhase;
			buildActionMask = 2147483647;
			files = (
			);
			runOnlyForDeploymentPostprocessing = 0;
		};
		3EB94E081F82D6E600003D4A /* Frameworks */ = {
			isa = PBXFrameworksBuildPhase;
			buildActionMask = 2147483647;
			files = (
			);
			runOnlyForDeploymentPostprocessing = 0;
		};
		3EB94E131F82D6E600003D4A /* Frameworks */ = {
			isa = PBXFrameworksBuildPhase;
			buildActionMask = 2147483647;
			files = (
			);
			runOnlyForDeploymentPostprocessing = 0;
		};
/* End PBXFrameworksBuildPhase section */

/* Begin PBXGroup section */
		3EB94DEE1F82D6E600003D4A = {
			isa = PBXGroup;
			children = (
				3EB94DF91F82D6E600003D4A /* TetrisStarter_swift3.0 */,
				3EB94E0E1F82D6E600003D4A /* TetrisStarter_swift3.0Tests */,
				3EB94E191F82D6E600003D4A /* TetrisStarter_swift3.0UITests */,
				3EB94DF81F82D6E600003D4A /* Products */,
			);
			sourceTree = "<group>";
		};
		3EB94DF81F82D6E600003D4A /* Products */ = {
			isa = PBXGroup;
			children = (
				3EB94DF71F82D6E600003D4A /* TetrisStarter_swift3.0.app */,
				3EB94E0B1F82D6E600003D4A /* TetrisStarter_swift3.0Tests.xctest */,
				3EB94E161F82D6E600003D4A /* TetrisStarter_swift3.0UITests.xctest */,
			);
			name = Products;
			sourceTree = "<group>";
		};
		3EB94DF91F82D6E600003D4A /* TetrisStarter_swift3.0 */ = {
			isa = PBXGroup;
			children = (
				3EB94E3A1F82DE0A00003D4A /* TetrisViewController.swift */,
				3EB94E291F82DD8900003D4A /* TetrisModel */,
				3EB94E281F82DD7E00003D4A /* TetrisViews */,
				3EB94DFA1F82D6E600003D4A /* AppDelegate.swift */,
				3EB94DFE1F82D6E600003D4A /* Main.storyboard */,
				3EB94E011F82D6E600003D4A /* Assets.xcassets */,
				3EB94E031F82D6E600003D4A /* LaunchScreen.storyboard */,
				3EB94E061F82D6E600003D4A /* Info.plist */,
			);
			path = TetrisStarter_swift3.0;
			sourceTree = "<group>";
		};
		3EB94E0E1F82D6E600003D4A /* TetrisStarter_swift3.0Tests */ = {
			isa = PBXGroup;
			children = (
				3EB94E0F1F82D6E600003D4A /* TetrisStarter_swift3_0Tests.swift */,
				3EB94E111F82D6E600003D4A /* Info.plist */,
			);
			path = TetrisStarter_swift3.0Tests;
			sourceTree = "<group>";
		};
		3EB94E191F82D6E600003D4A /* TetrisStarter_swift3.0UITests */ = {
			isa = PBXGroup;
			children = (
				3EB94E1A1F82D6E600003D4A /* TetrisStarter_swift3_0UITests.swift */,
				3EB94E1C1F82D6E600003D4A /* Info.plist */,
			);
			path = TetrisStarter_swift3.0UITests;
			sourceTree = "<group>";
		};
		3EB94E281F82DD7E00003D4A /* TetrisViews */ = {
			isa = PBXGroup;
			children = (
				3EB94E2A1F82DDB100003D4A /* TetrisBlockView.swift */,
				3EB94E2B1F82DDB100003D4A /* TetrisBoardView.swift */,
				3EB94E2C1F82DDB100003D4A /* TetrisBlockEdgeView.swift */,
			);
			name = TetrisViews;
			sourceTree = "<group>";
		};
		3EB94E291F82DD8900003D4A /* TetrisModel */ = {
			isa = PBXGroup;
			children = (
				3FDB86871FA2982A00473EAE /* TTetrisGrid.swift */,
				3FDB86891FA298C400473EAE /* LTetrisGrid.swift */,
				3EB94E311F82DDD500003D4A /* JTetrisGrid.swift */,
				3EB94E321F82DDD500003D4A /* ZTetrisGrid.swift */,
				3F2EE4141F830AFC007648A3 /* QTetrisGrid.swift */,
				3F2EE4181F830B33007648A3 /* ITetrisGrid.swift */,
				3F2EE4161F830B21007648A3 /* STetrisGrid.swift */,
				3EB94E301F82DDD500003D4A /* TetrisBlockModel.swift */,
				3EB94E331F82DDD500003D4A /* GridEdgeAttributes.swift */,
				3EB94E341F82DDD500003D4A /* TetrisBlockEdge.swift */,
			);
			name = TetrisModel;
			sourceTree = "<group>";
		};
/* End PBXGroup section */

/* Begin PBXNativeTarget section */
		3EB94DF61F82D6E600003D4A /* TetrisStarter_swift3.0 */ = {
			isa = PBXNativeTarget;
			buildConfigurationList = 3EB94E1F1F82D6E600003D4A /* Build configuration list for PBXNativeTarget "TetrisStarter_swift3.0" */;
			buildPhases = (
				3EB94DF31F82D6E600003D4A /* Sources */,
				3EB94DF41F82D6E600003D4A /* Frameworks */,
				3EB94DF51F82D6E600003D4A /* Resources */,
			);
			buildRules = (
			);
			dependencies = (
			);
			name = TetrisStarter_swift3.0;
			productName = TetrisStarter_swift3.0;
			productReference = 3EB94DF71F82D6E600003D4A /* TetrisStarter_swift3.0.app */;
			productType = "com.apple.product-type.application";
		};
		3EB94E0A1F82D6E600003D4A /* TetrisStarter_swift3.0Tests */ = {
			isa = PBXNativeTarget;
			buildConfigurationList = 3EB94E221F82D6E600003D4A /* Build configuration list for PBXNativeTarget "TetrisStarter_swift3.0Tests" */;
			buildPhases = (
				3EB94E071F82D6E600003D4A /* Sources */,
				3EB94E081F82D6E600003D4A /* Frameworks */,
				3EB94E091F82D6E600003D4A /* Resources */,
			);
			buildRules = (
			);
			dependencies = (
				3EB94E0D1F82D6E600003D4A /* PBXTargetDependency */,
			);
			name = TetrisStarter_swift3.0Tests;
			productName = TetrisStarter_swift3.0Tests;
			productReference = 3EB94E0B1F82D6E600003D4A /* TetrisStarter_swift3.0Tests.xctest */;
			productType = "com.apple.product-type.bundle.unit-test";
		};
		3EB94E151F82D6E600003D4A /* TetrisStarter_swift3.0UITests */ = {
			isa = PBXNativeTarget;
			buildConfigurationList = 3EB94E251F82D6E600003D4A /* Build configuration list for PBXNativeTarget "TetrisStarter_swift3.0UITests" */;
			buildPhases = (
				3EB94E121F82D6E600003D4A /* Sources */,
				3EB94E131F82D6E600003D4A /* Frameworks */,
				3EB94E141F82D6E600003D4A /* Resources */,
			);
			buildRules = (
			);
			dependencies = (
				3EB94E181F82D6E600003D4A /* PBXTargetDependency */,
			);
			name = TetrisStarter_swift3.0UITests;
			productName = TetrisStarter_swift3.0UITests;
			productReference = 3EB94E161F82D6E600003D4A /* TetrisStarter_swift3.0UITests.xctest */;
			productType = "com.apple.product-type.bundle.ui-testing";
		};
/* End PBXNativeTarget section */

/* Begin PBXProject section */
		3EB94DEF1F82D6E600003D4A /* Project object */ = {
			isa = PBXProject;
			attributes = {
				LastSwiftUpdateCheck = 0830;
				LastUpgradeCheck = 0830;
				ORGANIZATIONNAME = "Ali A. Kooshesh";
				TargetAttributes = {
					3EB94DF61F82D6E600003D4A = {
						CreatedOnToolsVersion = 8.3.3;
						ProvisioningStyle = Automatic;
					};
					3EB94E0A1F82D6E600003D4A = {
						CreatedOnToolsVersion = 8.3.3;
						ProvisioningStyle = Automatic;
						TestTargetID = 3EB94DF61F82D6E600003D4A;
					};
					3EB94E151F82D6E600003D4A = {
						CreatedOnToolsVersion = 8.3.3;
						ProvisioningStyle = Automatic;
						TestTargetID = 3EB94DF61F82D6E600003D4A;
					};
				};
			};
			buildConfigurationList = 3EB94DF21F82D6E600003D4A /* Build configuration list for PBXProject "TetrisStarter_swift3.0" */;
			compatibilityVersion = "Xcode 3.2";
			developmentRegion = English;
			hasScannedForEncodings = 0;
			knownRegions = (
				en,
				Base,
			);
			mainGroup = 3EB94DEE1F82D6E600003D4A;
			productRefGroup = 3EB94DF81F82D6E600003D4A /* Products */;
			projectDirPath = "";
			projectRoot = "";
			targets = (
				3EB94DF61F82D6E600003D4A /* TetrisStarter_swift3.0 */,
				3EB94E0A1F82D6E600003D4A /* TetrisStarter_swift3.0Tests */,
				3EB94E151F82D6E600003D4A /* TetrisStarter_swift3.0UITests */,
			);
		};
/* End PBXProject section */

/* Begin PBXResourcesBuildPhase section */
		3EB94DF51F82D6E600003D4A /* Resources */ = {
			isa = PBXResourcesBuildPhase;
			buildActionMask = 2147483647;
			files = (
				3EB94E051F82D6E600003D4A /* LaunchScreen.storyboard in Resources */,
				3EB94E021F82D6E600003D4A /* Assets.xcassets in Resources */,
				3EB94E001F82D6E600003D4A /* Main.storyboard in Resources */,
			);
			runOnlyForDeploymentPostprocessing = 0;
		};
		3EB94E091F82D6E600003D4A /* Resources */ = {
			isa = PBXResourcesBuildPhase;
			buildActionMask = 2147483647;
			files = (
			);
			runOnlyForDeploymentPostprocessing = 0;
		};
		3EB94E141F82D6E600003D4A /* Resources */ = {
			isa = PBXResourcesBuildPhase;
			buildActionMask = 2147483647;
			files = (
			);
			runOnlyForDeploymentPostprocessing = 0;
		};
/* End PBXResourcesBuildPhase section */

/* Begin PBXSourcesBuildPhase section */
		3EB94DF31F82D6E600003D4A /* Sources */ = {
			isa = PBXSourcesBuildPhase;
			buildActionMask = 2147483647;
			files = (
				3EB94E351F82DDD500003D4A /* TetrisBlockModel.swift in Sources */,
				3EB94DFB1F82D6E600003D4A /* AppDelegate.swift in Sources */,
				3EB94E2E1F82DDB100003D4A /* TetrisBoardView.swift in Sources */,
				3EB94E371F82DDD500003D4A /* ZTetrisGrid.swift in Sources */,
				3F2EE4151F830AFC007648A3 /* QTetrisGrid.swift in Sources */,
				3EB94E361F82DDD500003D4A /* JTetrisGrid.swift in Sources */,
				3EB94E3B1F82DE0A00003D4A /* TetrisViewController.swift in Sources */,
				3EB94E391F82DDD500003D4A /* TetrisBlockEdge.swift in Sources */,
				3F2EE4171F830B21007648A3 /* STetrisGrid.swift in Sources */,
				3EB94E381F82DDD500003D4A /* GridEdgeAttributes.swift in Sources */,
				3EB94E2F1F82DDB100003D4A /* TetrisBlockEdgeView.swift in Sources */,
				3FDB86881FA2982A00473EAE /* TTetrisGrid.swift in Sources */,
				3F2EE4191F830B34007648A3 /* ITetrisGrid.swift in Sources */,
				3EB94E2D1F82DDB100003D4A /* TetrisBlockView.swift in Sources */,
				3FDB868A1FA298C400473EAE /* LTetrisGrid.swift in Sources */,
			);
			runOnlyForDeploymentPostprocessing = 0;
		};
		3EB94E071F82D6E600003D4A /* Sources */ = {
			isa = PBXSourcesBuildPhase;
			buildActionMask = 2147483647;
			files = (
				3EB94E101F82D6E600003D4A /* TetrisStarter_swift3_0Tests.swift in Sources */,
			);
			runOnlyForDeploymentPostprocessing = 0;
		};
		3EB94E121F82D6E600003D4A /* Sources */ = {
			isa = PBXSourcesBuildPhase;
			buildActionMask = 2147483647;
			files = (
				3EB94E1B1F82D6E600003D4A /* TetrisStarter_swift3_0UITests.swift in Sources */,
			);
			runOnlyForDeploymentPostprocessing = 0;
		};
/* End PBXSourcesBuildPhase section */

/* Begin PBXTargetDependency section */
		3EB94E0D1F82D6E600003D4A /* PBXTargetDependency */ = {
			isa = PBXTargetDependency;
			target = 3EB94DF61F82D6E600003D4A /* TetrisStarter_swift3.0 */;
			targetProxy = 3EB94E0C1F82D6E600003D4A /* PBXContainerItemProxy */;
		};
		3EB94E181F82D6E600003D4A /* PBXTargetDependency */ = {
			isa = PBXTargetDependency;
			target = 3EB94DF61F82D6E600003D4A /* TetrisStarter_swift3.0 */;
			targetProxy = 3EB94E171F82D6E600003D4A /* PBXContainerItemProxy */;
		};
/* End PBXTargetDependency section */

/* Begin PBXVariantGroup section */
		3EB94DFE1F82D6E600003D4A /* Main.storyboard */ = {
			isa = PBXVariantGroup;
			children = (
				3EB94DFF1F82D6E600003D4A /* Base */,
			);
			name = Main.storyboard;
			sourceTree = "<group>";
		};
		3EB94E031F82D6E600003D4A /* LaunchScreen.storyboard */ = {
			isa = PBXVariantGroup;
			children = (
				3EB94E041F82D6E600003D4A /* Base */,
			);
			name = LaunchScreen.storyboard;
			sourceTree = "<group>";
		};
/* End PBXVariantGroup section */

/* Begin XCBuildConfiguration section */
		3EB94E1D1F82D6E600003D4A /* Debug */ = {
			isa = XCBuildConfiguration;
			buildSettings = {
				ALWAYS_SEARCH_USER_PATHS = NO;
				CLANG_ANALYZER_NONNULL = YES;
				CLANG_ANALYZER_NUMBER_OBJECT_CONVERSION = YES_AGGRESSIVE;
				CLANG_CXX_LANGUAGE_STANDARD = "gnu++0x";
				CLANG_CXX_LIBRARY = "libc++";
				CLANG_ENABLE_MODULES = YES;
				CLANG_ENABLE_OBJC_ARC = YES;
				CLANG_WARN_BOOL_CONVERSION = YES;
				CLANG_WARN_CONSTANT_CONVERSION = YES;
				CLANG_WARN_DIRECT_OBJC_ISA_USAGE = YES_ERROR;
				CLANG_WARN_DOCUMENTATION_COMMENTS = YES;
				CLANG_WARN_EMPTY_BODY = YES;
				CLANG_WARN_ENUM_CONVERSION = YES;
				CLANG_WARN_INFINITE_RECURSION = YES;
				CLANG_WARN_INT_CONVERSION = YES;
				CLANG_WARN_OBJC_ROOT_CLASS = YES_ERROR;
				CLANG_WARN_SUSPICIOUS_MOVE = YES;
				CLANG_WARN_UNREACHABLE_CODE = YES;
				CLANG_WARN__DUPLICATE_METHOD_MATCH = YES;
				"CODE_SIGN_IDENTITY[sdk=iphoneos*]" = "iPhone Developer";
				COPY_PHASE_STRIP = NO;
				DEBUG_INFORMATION_FORMAT = dwarf;
				ENABLE_STRICT_OBJC_MSGSEND = YES;
				ENABLE_TESTABILITY = YES;
				GCC_C_LANGUAGE_STANDARD = gnu99;
				GCC_DYNAMIC_NO_PIC = NO;
				GCC_NO_COMMON_BLOCKS = YES;
				GCC_OPTIMIZATION_LEVEL = 0;
				GCC_PREPROCESSOR_DEFINITIONS = (
					"DEBUG=1",
					"$(inherited)",
				);
				GCC_WARN_64_TO_32_BIT_CONVERSION = YES;
				GCC_WARN_ABOUT_RETURN_TYPE = YES_ERROR;
				GCC_WARN_UNDECLARED_SELECTOR = YES;
				GCC_WARN_UNINITIALIZED_AUTOS = YES_AGGRESSIVE;
				GCC_WARN_UNUSED_FUNCTION = YES;
				GCC_WARN_UNUSED_VARIABLE = YES;
				IPHONEOS_DEPLOYMENT_TARGET = 10.3;
				MTL_ENABLE_DEBUG_INFO = YES;
				ONLY_ACTIVE_ARCH = YES;
				SDKROOT = iphoneos;
				SWIFT_ACTIVE_COMPILATION_CONDITIONS = DEBUG;
				SWIFT_OPTIMIZATION_LEVEL = "-Onone";
			};
			name = Debug;
		};
		3EB94E1E1F82D6E600003D4A /* Release */ = {
			isa = XCBuildConfiguration;
			buildSettings = {
				ALWAYS_SEARCH_USER_PATHS = NO;
				CLANG_ANALYZER_NONNULL = YES;
				CLANG_ANALYZER_NUMBER_OBJECT_CONVERSION = YES_AGGRESSIVE;
				CLANG_CXX_LANGUAGE_STANDARD = "gnu++0x";
				CLANG_CXX_LIBRARY = "libc++";
				CLANG_ENABLE_MODULES = YES;
				CLANG_ENABLE_OBJC_ARC = YES;
				CLANG_WARN_BOOL_CONVERSION = YES;
				CLANG_WARN_CONSTANT_CONVERSION = YES;
				CLANG_WARN_DIRECT_OBJC_ISA_USAGE = YES_ERROR;
				CLANG_WARN_DOCUMENTATION_COMMENTS = YES;
				CLANG_WARN_EMPTY_BODY = YES;
				CLANG_WARN_ENUM_CONVERSION = YES;
				CLANG_WARN_INFINITE_RECURSION = YES;
				CLANG_WARN_INT_CONVERSION = YES;
				CLANG_WARN_OBJC_ROOT_CLASS = YES_ERROR;
				CLANG_WARN_SUSPICIOUS_MOVE = YES;
				CLANG_WARN_UNREACHABLE_CODE = YES;
				CLANG_WARN__DUPLICATE_METHOD_MATCH = YES;
				"CODE_SIGN_IDENTITY[sdk=iphoneos*]" = "iPhone Developer";
				COPY_PHASE_STRIP = NO;
				DEBUG_INFORMATION_FORMAT = "dwarf-with-dsym";
				ENABLE_NS_ASSERTIONS = NO;
				ENABLE_STRICT_OBJC_MSGSEND = YES;
				GCC_C_LANGUAGE_STANDARD = gnu99;
				GCC_NO_COMMON_BLOCKS = YES;
				GCC_WARN_64_TO_32_BIT_CONVERSION = YES;
				GCC_WARN_ABOUT_RETURN_TYPE = YES_ERROR;
				GCC_WARN_UNDECLARED_SELECTOR = YES;
				GCC_WARN_UNINITIALIZED_AUTOS = YES_AGGRESSIVE;
				GCC_WARN_UNUSED_FUNCTION = YES;
				GCC_WARN_UNUSED_VARIABLE = YES;
				IPHONEOS_DEPLOYMENT_TARGET = 10.3;
				MTL_ENABLE_DEBUG_INFO = NO;
				SDKROOT = iphoneos;
				SWIFT_OPTIMIZATION_LEVEL = "-Owholemodule";
				VALIDATE_PRODUCT = YES;
			};
			name = Release;
		};
		3EB94E201F82D6E600003D4A /* Debug */ = {
			isa = XCBuildConfiguration;
			buildSettings = {
				ASSETCATALOG_COMPILER_APPICON_NAME = AppIcon;
				INFOPLIST_FILE = TetrisStarter_swift3.0/Info.plist;
				LD_RUNPATH_SEARCH_PATHS = "$(inherited) @executable_path/Frameworks";
				PRODUCT_BUNDLE_IDENTIFIER = "edu.sonoma.TetrisStarter-swift3-0";
				PRODUCT_NAME = "$(TARGET_NAME)";
				SWIFT_VERSION = 3.0;
			};
			name = Debug;
		};
		3EB94E211F82D6E600003D4A /* Release */ = {
			isa = XCBuildConfiguration;
			buildSettings = {
				ASSETCATALOG_COMPILER_APPICON_NAME = AppIcon;
				INFOPLIST_FILE = TetrisStarter_swift3.0/Info.plist;
				LD_RUNPATH_SEARCH_PATHS = "$(inherited) @executable_path/Frameworks";
				PRODUCT_BUNDLE_IDENTIFIER = "edu.sonoma.TetrisStarter-swift3-0";
				PRODUCT_NAME = "$(TARGET_NAME)";
				SWIFT_VERSION = 3.0;
			};
			name = Release;
		};
		3EB94E231F82D6E600003D4A /* Debug */ = {
			isa = XCBuildConfiguration;
			buildSettings = {
				ALWAYS_EMBED_SWIFT_STANDARD_LIBRARIES = YES;
				BUNDLE_LOADER = "$(TEST_HOST)";
				INFOPLIST_FILE = TetrisStarter_swift3.0Tests/Info.plist;
				LD_RUNPATH_SEARCH_PATHS = "$(inherited) @executable_path/Frameworks @loader_path/Frameworks";
				PRODUCT_BUNDLE_IDENTIFIER = "edu.sonoma.TetrisStarter-swift3-0Tests";
				PRODUCT_NAME = "$(TARGET_NAME)";
				SWIFT_VERSION = 3.0;
				TEST_HOST = "$(BUILT_PRODUCTS_DIR)/TetrisStarter_swift3.0.app/TetrisStarter_swift3.0";
			};
			name = Debug;
		};
		3EB94E241F82D6E600003D4A /* Release */ = {
			isa = XCBuildConfiguration;
			buildSettings = {
				ALWAYS_EMBED_SWIFT_STANDARD_LIBRARIES = YES;
				BUNDLE_LOADER = "$(TEST_HOST)";
				INFOPLIST_FILE = TetrisStarter_swift3.0Tests/Info.plist;
				LD_RUNPATH_SEARCH_PATHS = "$(inherited) @executable_path/Frameworks @loader_path/Frameworks";
				PRODUCT_BUNDLE_IDENTIFIER = "edu.sonoma.TetrisStarter-swift3-0Tests";
				PRODUCT_NAME = "$(TARGET_NAME)";
				SWIFT_VERSION = 3.0;
				TEST_HOST = "$(BUILT_PRODUCTS_DIR)/TetrisStarter_swift3.0.app/TetrisStarter_swift3.0";
			};
			name = Release;
		};
		3EB94E261F82D6E600003D4A /* Debug */ = {
			isa = XCBuildConfiguration;
			buildSettings = {
				ALWAYS_EMBED_SWIFT_STANDARD_LIBRARIES = YES;
				INFOPLIST_FILE = TetrisStarter_swift3.0UITests/Info.plist;
				LD_RUNPATH_SEARCH_PATHS = "$(inherited) @executable_path/Frameworks @loader_path/Frameworks";
				PRODUCT_BUNDLE_IDENTIFIER = "edu.sonoma.TetrisStarter-swift3-0UITests";
				PRODUCT_NAME = "$(TARGET_NAME)";
				SWIFT_VERSION = 3.0;
				TEST_TARGET_NAME = TetrisStarter_swift3.0;
			};
			name = Debug;
		};
		3EB94E271F82D6E600003D4A /* Release */ = {
			isa = XCBuildConfiguration;
			buildSettings = {
				ALWAYS_EMBED_SWIFT_STANDARD_LIBRARIES = YES;
				INFOPLIST_FILE = TetrisStarter_swift3.0UITests/Info.plist;
				LD_RUNPATH_SEARCH_PATHS = "$(inherited) @executable_path/Frameworks @loader_path/Frameworks";
				PRODUCT_BUNDLE_IDENTIFIER = "edu.sonoma.TetrisStarter-swift3-0UITests";
				PRODUCT_NAME = "$(TARGET_NAME)";
				SWIFT_VERSION = 3.0;
				TEST_TARGET_NAME = TetrisStarter_swift3.0;
			};
			name = Release;
		};
/* End XCBuildConfiguration section */

/* Begin XCConfigurationList section */
		3EB94DF21F82D6E600003D4A /* Build configuration list for PBXProject "TetrisStarter_swift3.0" */ = {
			isa = XCConfigurationList;
			buildConfigurations = (
				3EB94E1D1F82D6E600003D4A /* Debug */,
				3EB94E1E1F82D6E600003D4A /* Release */,
			);
			defaultConfigurationIsVisible = 0;
			defaultConfigurationName = Release;
		};
		3EB94E1F1F82D6E600003D4A /* Build configuration list for PBXNativeTarget "TetrisStarter_swift3.0" */ = {
			isa = XCConfigurationList;
			buildConfigurations = (
				3EB94E201F82D6E600003D4A /* Debug */,
				3EB94E211F82D6E600003D4A /* Release */,
			);
			defaultConfigurationIsVisible = 0;
			defaultConfigurationName = Release;
		};
		3EB94E221F82D6E600003D4A /* Build configuration list for PBXNativeTarget "TetrisStarter_swift3.0Tests" */ = {
			isa = XCConfigurationList;
			buildConfigurations = (
				3EB94E231F82D6E600003D4A /* Debug */,
				3EB94E241F82D6E600003D4A /* Release */,
			);
			defaultConfigurationIsVisible = 0;
			defaultConfigurationName = Release;
		};
		3EB94E251F82D6E600003D4A /* Build configuration list for PBXNativeTarget "TetrisStarter_swift3.0UITests" */ = {
			isa = XCConfigurationList;
			buildConfigurations = (
				3EB94E261F82D6E600003D4A /* Debug */,
				3EB94E271F82D6E600003D4A /* Release */,
			);
			defaultConfigurationIsVisible = 0;
			defaultConfigurationName = Release;
		};
/* End XCConfigurationList section */
	};
	rootObject = 3EB94DEF1F82D6E600003D4A /* Project object */;
}
